{
  "name": "socket-chat-example",
  "version": "0.0.1",
  "lockfileVersion": 1,
  "requires": true,
  "dependencies": {
    "@types/node": {
      "version": "10.12.18",
      "resolved": "http://192.168.184.63:8081/repository/npm-iti/@types/node/-/node-10.12.18.tgz",
      "integrity": "sha512-fh+pAqt4xRzPfqA6eh3Z2y6fyZavRIumvjhaCL753+TVkGKGhpPeyrJG2JftD0T9q4GF00KjefsQ+PQNDdWQaQ=="
    },
    "@types/zmq": {
      "version": "0.0.22",
      "resolved": "http://192.168.184.63:8081/repository/npm-iti/@types/zmq/-/zmq-0.0.22.tgz",
      "integrity": "sha512-TpVeU0GXJE8YbVvNbIu4M/DppNxlnkqo7gmPqCrC4wAPia40OUmxEPZvox+aBM6Z660ONgm8TP2XkmhG1FpSJA==",
      "requires": {
        "@types/node": "10.12.18"
      }
    }
  }
}
